
Microsoft Visual Studio Solution File, Format Version 12.00
# Visual Studio Version 17
VisualStudioVersion = 17.11.35222.181
MinimumVisualStudioVersion = 10.0.40219.1
Project("{FAE04EC0-301F-11D3-BF4B-00C04F79EFBC}") = "TrackFlix1", "TrackFlix1\TrackFlix1.csproj", "{6BCEB54F-0506-47CF-A669-5DF448088843}"
EndProject
Global
	GlobalSection(SolutionConfigurationPlatforms) = preSolution
		Debug|Any CPU = Debug|Any CPU
		Release|Any CPU = Release|Any CPU
	EndGlobalSection
	GlobalSection(ProjectConfigurationPlatforms) = postSolution
		{6BCEB54F-0506-47CF-A669-5DF448088843}.Debug|Any CPU.ActiveCfg = Debug|Any CPU
		{6BCEB54F-0506-47CF-A669-5DF448088843}.Debug|Any CPU.Build.0 = Debug|Any CPU
		{6BCEB54F-0506-47CF-A669-5DF448088843}.Release|Any CPU.ActiveCfg = Release|Any CPU
		{6BCEB54F-0506-47CF-A669-5DF448088843}.Release|Any CPU.Build.0 = Release|Any CPU
	EndGlobalSection
	GlobalSection(SolutionProperties) = preSolution
		HideSolutionNode = FALSE
	EndGlobalSection
	GlobalSection(ExtensibilityGlobals) = postSolution
		SolutionGuid = {E95A1CCF-0DD6-41C7-AF4D-2965E9120979}
	EndGlobalSection
EndGlobal
